Microsoft Visual Studio Solution File, Format Version 12.00
# Visual Studio Version 17
Project("{2150E333-8FDC-42A3-9474-1A3956D46DE8}") = "src", "src", "{1E2C1F58-3CC8-4B2C-BB8B-2C5B5C3C0001}"
EndProject
Project("{FAE04EC0-301F-11D3-BF4B-00C04F79EFBC}") = "PullUp.Domain", "backend\src\PullUp.Domain\PullUp.Domain.csproj", "{A6F5D71F-8C2B-4F2A-9F2C-2A0001000001}"
EndProject
Project("{FAE04EC0-301F-11D3-BF4B-00C04F79EFBC}") = "PullUp.Application", "backend\src\PullUp.Application\PullUp.Application.csproj", "{A6F5D71F-8C2B-4F2A-9F2C-2A0001000002}"
EndProject
Project("{FAE04EC0-301F-11D3-BF4B-00C04F79EFBC}") = "PullUp.Infrastructure", "backend\src\PullUp.Infrastructure\PullUp.Infrastructure.csproj", "{A6F5D71F-8C2B-4F2A-9F2C-2A0001000003}"
EndProject
Project("{FAE04EC0-301F-11D3-BF4B-00C04F79EFBC}") = "PullUp.Api", "backend\src\PullUp.Api\PullUp.Api.csproj", "{A6F5D71F-8C2B-4F2A-9F2C-2A0001000004}"
EndProject
Global
	GlobalSection(SolutionConfigurationPlatforms) = preSolution
		Debug|Any CPU = Debug|Any CPU
		Release|Any CPU = Release|Any CPU
	EndGlobalSection
	GlobalSection(ProjectConfigurationPlatforms) = postSolution
		{A6F5D71F-8C2B-4F2A-9F2C-2A0001000001}.Debug|Any CPU.ActiveCfg = Debug|Any CPU
		{A6F5D71F-8C2B-4F2A-9F2C-2A0001000001}.Debug|Any CPU.Build.0 = Debug|Any CPU
		{A6F5D71F-8C2B-4F2A-9F2C-2A0001000001}.Release|Any CPU.ActiveCfg = Release|Any CPU
		{A6F5D71F-8C2B-4F2A-9F2C-2A0001000001}.Release|Any CPU.Build.0 = Release|Any CPU
		{A6F5D71F-8C2B-4F2A-9F2C-2A0001000002}.Debug|Any CPU.ActiveCfg = Debug|Any CPU
		{A6F5D71F-8C2B-4F2A-9F2C-2A0001000002}.Debug|Any CPU.Build.0 = Debug|Any CPU
		{A6F5D71F-8C2B-4F2A-9F2C-2A0001000002}.Release|Any CPU.ActiveCfg = Release|Any CPU
		{A6F5D71F-8C2B-4F2A-9F2C-2A0001000002}.Release|Any CPU.Build.0 = Release|Any CPU
		{A6F5D71F-8C2B-4F2A-9F2C-2A0001000003}.Debug|Any CPU.ActiveCfg = Debug|Any CPU
		{A6F5D71F-8C2B-4F2A-9F2C-2A0001000003}.Debug|Any CPU.Build.0 = Debug|Any CPU
		{A6F5D71F-8C2B-4F2A-9F2C-2A0001000003}.Release|Any CPU.ActiveCfg = Release|Any CPU
		{A6F5D71F-8C2B-4F2A-9F2C-2A0001000003}.Release|Any CPU.Build.0 = Release|Any CPU
		{A6F5D71F-8C2B-4F2A-9F2C-2A0001000004}.Debug|Any CPU.ActiveCfg = Debug|Any CPU
		{A6F5D71F-8C2B-4F2A-9F2C-2A0001000004}.Debug|Any CPU.Build.0 = Debug|Any CPU
		{A6F5D71F-8C2B-4F2A-9F2C-2A0001000004}.Release|Any CPU.ActiveCfg = Release|Any CPU
		{A6F5D71F-8C2B-4F2A-9F2C-2A0001000004}.Release|Any CPU.Build.0 = Release|Any CPU
	EndGlobalSection
	GlobalSection(NestedProjects) = preSolution
		{A6F5D71F-8C2B-4F2A-9F2C-2A0001000001} = {1E2C1F58-3CC8-4B2C-BB8B-2C5B5C3C0001}
		{A6F5D71F-8C2B-4F2A-9F2C-2A0001000002} = {1E2C1F58-3CC8-4B2C-BB8B-2C5B5C3C0001}
		{A6F5D71F-8C2B-4F2A-9F2C-2A0001000003} = {1E2C1F58-3CC8-4B2C-BB8B-2C5B5C3C0001}
		{A6F5D71F-8C2B-4F2A-9F2C-2A0001000004} = {1E2C1F58-3CC8-4B2C-BB8B-2C5B5C3C0001}
	EndGlobalSection
EndGlobal
